// !$*UTF8*$!
{
	archiveVersion = 1;
	classes = {
	};
	objectVersion = 50;
	objects = {

/* Begin PBXBuildFile section */
		FA47A5ED25D76A00003E688A /* DataModel.swift in Sources */ = {isa = PBXBuildFile; fileRef = FA47A5EC25D76A00003E688A /* DataModel.swift */; };
		FA47A5F125D76AEE003E688A /* GlobalObject.swift in Sources */ = {isa = PBXBuildFile; fileRef = FA47A5F025D76AEE003E688A /* GlobalObject.swift */; };
		FAA6BAD325CA4D0100E868FE /* AppDelegate.swift in Sources */ = {isa = PBXBuildFile; fileRef = FAA6BAD225CA4D0100E868FE /* AppDelegate.swift */; };
		FAA6BAD525CA4D0100E868FE /* SceneDelegate.swift in Sources */ = {isa = PBXBuildFile; fileRef = FAA6BAD425CA4D0100E868FE /* SceneDelegate.swift */; };
		FAA6BAD725CA4D0100E868FE /* ContentView.swift in Sources */ = {isa = PBXBuildFile; fileRef = FAA6BAD625CA4D0100E868FE /* ContentView.swift */; };
		FAA6BAD925CA4D0500E868FE /* Assets.xcassets in Resources */ = {isa = PBXBuildFile; fileRef = FAA6BAD825CA4D0500E868FE /* Assets.xcassets */; };
		FAA6BADC25CA4D0500E868FE /* Preview Assets.xcassets in Resources */ = {isa = PBXBuildFile; fileRef = FAA6BADB25CA4D0500E868FE /* Preview Assets.xcassets */; };
		FAA6BADF25CA4D0500E868FE /* LaunchScreen.storyboard in Resources */ = {isa = PBXBuildFile; fileRef = FAA6BADD25CA4D0500E868FE /* LaunchScreen.storyboard */; };
/* End PBXBuildFile section */

/* Begin PBXFileReference section */
		FA47A5EC25D76A00003E688A /* DataModel.swift */ = {isa = PBXFileReference; lastKnownFileType = sourcecode.swift; path = DataModel.swift; sourceTree = "<group>"; };
		FA47A5F025D76AEE003E688A /* GlobalObject.swift */ = {isa = PBXFileReference; lastKnownFileType = sourcecode.swift; path = GlobalObject.swift; sourceTree = "<group>"; };
		FAA6BACF25CA4D0100E868FE /* SepedaUI.app */ = {isa = PBXFileReference; explicitFileType = wrapper.application; includeInIndex = 0; path = SepedaUI.app; sourceTree = BUILT_PRODUCTS_DIR; };
		FAA6BAD225CA4D0100E868FE /* AppDelegate.swift */ = {isa = PBXFileReference; lastKnownFileType = sourcecode.swift; path = AppDelegate.swift; sourceTree = "<group>"; };
		FAA6BAD425CA4D0100E868FE /* SceneDelegate.swift */ = {isa = PBXFileReference; lastKnownFileType = sourcecode.swift; path = SceneDelegate.swift; sourceTree = "<group>"; };
		FAA6BAD625CA4D0100E868FE /* ContentView.swift */ = {isa = PBXFileReference; lastKnownFileType = sourcecode.swift; path = ContentView.swift; sourceTree = "<group>"; };
		FAA6BAD825CA4D0500E868FE /* Assets.xcassets */ = {isa = PBXFileReference; lastKnownFileType = folder.assetcatalog; path = Assets.xcassets; sourceTree = "<group>"; };
		FAA6BADB25CA4D0500E868FE /* Preview Assets.xcassets */ = {isa = PBXFileReference; lastKnownFileType = folder.assetcatalog; path = "Preview Assets.xcassets"; sourceTree = "<group>"; };
		FAA6BADE25CA4D0500E868FE /* Base */ = {isa = PBXFileReference; lastKnownFileType = file.storyboard; name = Base; path = Base.lproj/LaunchScreen.storyboard; sourceTree = "<group>"; };
		FAA6BAE025CA4D0500E868FE /* Info.plist */ = {isa = PBXFileReference; lastKnownFileType = text.plist.xml; path = Info.plist; sourceTree = "<group>"; };
/* End PBXFileReference section */

/* Begin PBXFrameworksBuildPhase section */
		FAA6BACC25CA4D0100E868FE /* Frameworks */ = {
			isa = PBXFrameworksBuildPhase;
			buildActionMask = 2147483647;
			files = (
			);
			runOnlyForDeploymentPostprocessing = 0;
		};
/* End PBXFrameworksBuildPhase section */

/* Begin PBXGroup section */
		FAA6BAC625CA4D0100E868FE = {
			isa = PBXGroup;
			children = (
				FAA6BAD125CA4D0100E868FE /* SepedaUI */,
				FAA6BAD025CA4D0100E868FE /* Products */,
			);
			sourceTree = "<group>";
		};
		FAA6BAD025CA4D0100E868FE /* Products */ = {
			isa = PBXGroup;
			children = (
				FAA6BACF25CA4D0100E868FE /* SepedaUI.app */,
			);
			name = Products;
			sourceTree = "<group>";
		};
		FAA6BAD125CA4D0100E868FE /* SepedaUI */ = {
			isa = PBXGroup;
			children = (
				FAA6BAD225CA4D0100E868FE /* AppDelegate.swift */,
				FAA6BAD425CA4D0100E868FE /* SceneDelegate.swift */,
				FAA6BAD625CA4D0100E868FE /* ContentView.swift */,
				FAA6BAD825CA4D0500E868FE /* Assets.xcassets */,
				FAA6BADD25CA4D0500E868FE /* LaunchScreen.storyboard */,
				FAA6BAE025CA4D0500E868FE /* Info.plist */,
				FAA6BADA25CA4D0500E868FE /* Preview Content */,
				FA47A5EC25D76A00003E688A /* DataModel.swift */,
				FA47A5F025D76AEE003E688A /* GlobalObject.swift */,
			);
			path = SepedaUI;
			sourceTree = "<group>";
		};
		FAA6BADA25CA4D0500E868FE /* Preview Content */ = {
			isa = PBXGroup;
			children = (
				FAA6BADB25CA4D0500E868FE /* Preview Assets.xcassets */,
			);
			path = "Preview Content";
			sourceTree = "<group>";
		};
/* End PBXGroup section */

/* Begin PBXNativeTarget section */
		FAA6BACE25CA4D0100E868FE /* SepedaUI */ = {
			isa = PBXNativeTarget;
			buildConfigurationList = FAA6BAE325CA4D0500E868FE /* Build configuration list for PBXNativeTarget "SepedaUI" */;
			buildPhases = (
				FAA6BACB25CA4D0100E868FE /* Sources */,
				FAA6BACC25CA4D0100E868FE /* Frameworks */,
				FAA6BACD25CA4D0100E868FE /* Resources */,
			);
			buildRules = (
			);
			dependencies = (
			);
			name = SepedaUI;
			productName = SepedaUI;
			productReference = FAA6BACF25CA4D0100E868FE /* SepedaUI.app */;
			productType = "com.apple.product-type.application";
		};
/* End PBXNativeTarget section */

/* Begin PBXProject section */
		FAA6BAC725CA4D0100E868FE /* Project object */ = {
			isa = PBXProject;
			attributes = {
				LastSwiftUpdateCheck = 1210;
				LastUpgradeCheck = 1210;
				TargetAttributes = {
					FAA6BACE25CA4D0100E868FE = {
						CreatedOnToolsVersion = 12.1;
					};
				};
			};
			buildConfigurationList = FAA6BACA25CA4D0100E868FE /* Build configuration list for PBXProject "SepedaUI" */;
			compatibilityVersion = "Xcode 9.3";
			developmentRegion = en;
			hasScannedForEncodings = 0;
			knownRegions = (
				en,
				Base,
			);
			mainGroup = FAA6BAC625CA4D0100E868FE;
			productRefGroup = FAA6BAD025CA4D0100E868FE /* Products */;
			projectDirPath = "";
			projectRoot = "";
			targets = (
				FAA6BACE25CA4D0100E868FE /* SepedaUI */,
			);
		};
/* End PBXProject section */

/* Begin PBXResourcesBuildPhase section */
		FAA6BACD25CA4D0100E868FE /* Resources */ = {
			isa = PBXResourcesBuildPhase;
			buildActionMask = 2147483647;
			files = (
				FAA6BADF25CA4D0500E868FE /* LaunchScreen.storyboard in Resources */,
				FAA6BADC25CA4D0500E868FE /* Preview Assets.xcassets in Resources */,
				FAA6BAD925CA4D0500E868FE /* Assets.xcassets in Resources */,
			);
			runOnlyForDeploymentPostprocessing = 0;
		};
/* End PBXResourcesBuildPhase section */

/* Begin PBXSourcesBuildPhase section */
		FAA6BACB25CA4D0100E868FE /* Sources */ = {
			isa = PBXSourcesBuildPhase;
			buildActionMask = 2147483647;
			files = (
				FA47A5F125D76AEE003E688A /* GlobalObject.swift in Sources */,
				FAA6BAD325CA4D0100E868FE /* AppDelegate.swift in Sources */,
				FA47A5ED25D76A00003E688A /* DataModel.swift in Sources */,
				FAA6BAD525CA4D0100E868FE /* SceneDelegate.swift in Sources */,
				FAA6BAD725CA4D0100E868FE /* ContentView.swift in Sources */,
			);
			runOnlyForDeploymentPostprocessing = 0;
		};
/* End PBXSourcesBuildPhase section */

/* Begin PBXVariantGroup section */
		FAA6BADD25CA4D0500E868FE /* LaunchScreen.storyboard */ = {
			isa = PBXVariantGroup;
			children = (
				FAA6BADE25CA4D0500E868FE /* Base */,
			);
			name = LaunchScreen.storyboard;
			sourceTree = "<group>";
		};
/* End PBXVariantGroup section */

/* Begin XCBuildConfiguration section */
		FAA6BAE125CA4D0500E868FE /* Debug */ = {
			isa = XCBuildConfiguration;
			buildSettings = {
				ALWAYS_SEARCH_USER_PATHS = NO;
				CLANG_ANALYZER_NONNULL = YES;
				CLANG_ANALYZER_NUMBER_OBJECT_CONVERSION = YES_AGGRESSIVE;
				CLANG_CXX_LANGUAGE_STANDARD = "gnu++14";
				CLANG_CXX_LIBRARY = "libc++";
				CLANG_ENABLE_MODULES = YES;
				CLANG_ENABLE_OBJC_ARC = YES;
				CLANG_ENABLE_OBJC_WEAK = YES;
				CLANG_WARN_BLOCK_CAPTURE_AUTORELEASING = YES;
				CLANG_WARN_BOOL_CONVERSION = YES;
				CLANG_WARN_COMMA = YES;
				CLANG_WARN_CONSTANT_CONVERSION = YES;
				CLANG_WARN_DEPRECATED_OBJC_IMPLEMENTATIONS = YES;
				CLANG_WARN_DIRECT_OBJC_ISA_USAGE = YES_ERROR;
				CLANG_WARN_DOCUMENTATION_COMMENTS = YES;
				CLANG_WARN_EMPTY_BODY = YES;
				CLANG_WARN_ENUM_CONVERSION = YES;
				CLANG_WARN_INFINITE_RECURSION = YES;
				CLANG_WARN_INT_CONVERSION = YES;
				CLANG_WARN_NON_LITERAL_NULL_CONVERSION = YES;
				CLANG_WARN_OBJC_IMPLICIT_RETAIN_SELF = YES;
				CLANG_WARN_OBJC_LITERAL_CONVERSION = YES;
				CLANG_WARN_OBJC_ROOT_CLASS = YES_ERROR;
				CLANG_WARN_QUOTED_INCLUDE_IN_FRAMEWORK_HEADER = YES;
				CLANG_WARN_RANGE_LOOP_ANALYSIS = YES;
				CLANG_WARN_STRICT_PROTOTYPES = YES;
				CLANG_WARN_SUSPICIOUS_MOVE = YES;
				CLANG_WARN_UNGUARDED_AVAILABILITY = YES_AGGRESSIVE;
				CLANG_WARN_UNREACHABLE_CODE = YES;
				CLANG_WARN__DUPLICATE_METHOD_MATCH = YES;
				COPY_PHASE_STRIP = NO;
				DEBUG_INFORMATION_FORMAT = dwarf;
				ENABLE_STRICT_OBJC_MSGSEND = YES;
				ENABLE_TESTABILITY = YES;
				GCC_C_LANGUAGE_STANDARD = gnu11;
				GCC_DYNAMIC_NO_PIC = NO;
				GCC_NO_COMMON_BLOCKS = YES;
				GCC_OPTIMIZATION_LEVEL = 0;
				GCC_PREPROCESSOR_DEFINITIONS = (
					"DEBUG=1",
					"$(inherited)",
				);
				GCC_WARN_64_TO_32_BIT_CONVERSION = YES;
				GCC_WARN_ABOUT_RETURN_TYPE = YES_ERROR;
				GCC_WARN_UNDECLARED_SELECTOR = YES;
				GCC_WARN_UNINITIALIZED_AUTOS = YES_AGGRESSIVE;
				GCC_WARN_UNUSED_FUNCTION = YES;
				GCC_WARN_UNUSED_VARIABLE = YES;
				IPHONEOS_DEPLOYMENT_TARGET = 14.1;
				MTL_ENABLE_DEBUG_INFO = INCLUDE_SOURCE;
				MTL_FAST_MATH = YES;
				ONLY_ACTIVE_ARCH = YES;
				SDKROOT = iphoneos;
				SWIFT_ACTIVE_COMPILATION_CONDITIONS = DEBUG;
				SWIFT_OPTIMIZATION_LEVEL = "-Onone";
			};
			name = Debug;
		};
		FAA6BAE225CA4D0500E868FE /* Release */ = {
			isa = XCBuildConfiguration;
			buildSettings = {
				ALWAYS_SEARCH_USER_PATHS = NO;
				CLANG_ANALYZER_NONNULL = YES;
				CLANG_ANALYZER_NUMBER_OBJECT_CONVERSION = YES_AGGRESSIVE;
				CLANG_CXX_LANGUAGE_STANDARD = "gnu++14";
				CLANG_CXX_LIBRARY = "libc++";
				CLANG_ENABLE_MODULES = YES;
				CLANG_ENABLE_OBJC_ARC = YES;
				CLANG_ENABLE_OBJC_WEAK = YES;
				CLANG_WARN_BLOCK_CAPTURE_AUTORELEASING = YES;
				CLANG_WARN_BOOL_CONVERSION = YES;
				CLANG_WARN_COMMA = YES;
				CLANG_WARN_CONSTANT_CONVERSION = YES;
				CLANG_WARN_DEPRECATED_OBJC_IMPLEMENTATIONS = YES;
				CLANG_WARN_DIRECT_OBJC_ISA_USAGE = YES_ERROR;
				CLANG_WARN_DOCUMENTATION_COMMENTS = YES;
				CLANG_WARN_EMPTY_BODY = YES;
				CLANG_WARN_ENUM_CONVERSION = YES;
				CLANG_WARN_INFINITE_RECURSION = YES;
				CLANG_WARN_INT_CONVERSION = YES;
				CLANG_WARN_NON_LITERAL_NULL_CONVERSION = YES;
				CLANG_WARN_OBJC_IMPLICIT_RETAIN_SELF = YES;
				CLANG_WARN_OBJC_LITERAL_CONVERSION = YES;
				CLANG_WARN_OBJC_ROOT_CLASS = YES_ERROR;
				CLANG_WARN_QUOTED_INCLUDE_IN_FRAMEWORK_HEADER = YES;
				CLANG_WARN_RANGE_LOOP_ANALYSIS = YES;
				CLANG_WARN_STRICT_PROTOTYPES = YES;
				CLANG_WARN_SUSPICIOUS_MOVE = YES;
				CLANG_WARN_UNGUARDED_AVAILABILITY = YES_AGGRESSIVE;
				CLANG_WARN_UNREACHABLE_CODE = YES;
				CLANG_WARN__DUPLICATE_METHOD_MATCH = YES;
				COPY_PHASE_STRIP = NO;
				DEBUG_INFORMATION_FORMAT = "dwarf-with-dsym";
				ENABLE_NS_ASSERTIONS = NO;
				ENABLE_STRICT_OBJC_MSGSEND = YES;
				GCC_C_LANGUAGE_STANDARD = gnu11;
				GCC_NO_COMMON_BLOCKS = YES;
				GCC_WARN_64_TO_32_BIT_CONVERSION = YES;
				GCC_WARN_ABOUT_RETURN_TYPE = YES_ERROR;
				GCC_WARN_UNDECLARED_SELECTOR = YES;
				GCC_WARN_UNINITIALIZED_AUTOS = YES_AGGRESSIVE;
				GCC_WARN_UNUSED_FUNCTION = YES;
				GCC_WARN_UNUSED_VARIABLE = YES;
				IPHONEOS_DEPLOYMENT_TARGET = 14.1;
				MTL_ENABLE_DEBUG_INFO = NO;
				MTL_FAST_MATH = YES;
				SDKROOT = iphoneos;
				SWIFT_COMPILATION_MODE = wholemodule;
				SWIFT_OPTIMIZATION_LEVEL = "-O";
				VALIDATE_PRODUCT = YES;
			};
			name = Release;
		};
		FAA6BAE425CA4D0500E868FE /* Debug */ = {
			isa = XCBuildConfiguration;
			buildSettings = {
				ASSETCATALOG_COMPILER_APPICON_NAME = AppIcon;
				ASSETCATALOG_COMPILER_GLOBAL_ACCENT_COLOR_NAME = AccentColor;
				CODE_SIGN_STYLE = Automatic;
				DEVELOPMENT_ASSET_PATHS = "\"SepedaUI/Preview Content\"";
				DEVELOPMENT_TEAM = AN5W2J2N2K;
				ENABLE_PREVIEWS = YES;
				INFOPLIST_FILE = SepedaUI/Info.plist;
				LD_RUNPATH_SEARCH_PATHS = (
					"$(inherited)",
					"@executable_path/Frameworks",
				);
				PRODUCT_BUNDLE_IDENTIFIER = com.ahmadverel.SepedaUI;
				PRODUCT_NAME = "$(TARGET_NAME)";
				SWIFT_VERSION = 5.0;
				TARGETED_DEVICE_FAMILY = "1,2";
			};
			name = Debug;
		};
		FAA6BAE525CA4D0500E868FE /* Release */ = {
			isa = XCBuildConfiguration;
			buildSettings = {
				ASSETCATALOG_COMPILER_APPICON_NAME = AppIcon;
				ASSETCATALOG_COMPILER_GLOBAL_ACCENT_COLOR_NAME = AccentColor;
				CODE_SIGN_STYLE = Automatic;
				DEVELOPMENT_ASSET_PATHS = "\"SepedaUI/Preview Content\"";
				DEVELOPMENT_TEAM = AN5W2J2N2K;
				ENABLE_PREVIEWS = YES;
				INFOPLIST_FILE = SepedaUI/Info.plist;
				LD_RUNPATH_SEARCH_PATHS = (
					"$(inherited)",
					"@executable_path/Frameworks",
				);
				PRODUCT_BUNDLE_IDENTIFIER = com.ahmadverel.SepedaUI;
				PRODUCT_NAME = "$(TARGET_NAME)";
				SWIFT_VERSION = 5.0;
				TARGETED_DEVICE_FAMILY = "1,2";
			};
			name = Release;
		};
/* End XCBuildConfiguration section */

/* Begin XCConfigurationList section */
		FAA6BACA25CA4D0100E868FE /* Build configuration list for PBXProject "SepedaUI" */ = {
			isa = XCConfigurationList;
			buildConfigurations = (
				FAA6BAE125CA4D0500E868FE /* Debug */,
				FAA6BAE225CA4D0500E868FE /* Release */,
			);
			defaultConfigurationIsVisible = 0;
			defaultConfigurationName = Release;
		};
		FAA6BAE325CA4D0500E868FE /* Build configuration list for PBXNativeTarget "SepedaUI" */ = {
			isa = XCConfigurationList;
			buildConfigurations = (
				FAA6BAE425CA4D0500E868FE /* Debug */,
				FAA6BAE525CA4D0500E868FE /* Release */,
			);
			defaultConfigurationIsVisible = 0;
			defaultConfigurationName = Release;
		};
/* End XCConfigurationList section */
	};
	rootObject = FAA6BAC725CA4D0100E868FE /* Project object */;
}
